
Microsoft Visual Studio Solution File, Format Version 12.00
# Visual Studio Version 16
VisualStudioVersion = 16.0.31019.35
MinimumVisualStudioVersion = 10.0.40219.1
Project("{9A19103F-16F7-4668-BE54-9A1E7A4F7556}") = "BusinessLayer", "BusinessLayer\BusinessLayer.csproj", "{3FE98311-9ED2-4129-99BC-634307EBF64E}"
EndProject
Project("{9A19103F-16F7-4668-BE54-9A1E7A4F7556}") = "ConsoleApp", "ConsoleApp\ConsoleApp.csproj", "{5AC62A61-A5EA-444E-AF70-FB4A1EA0BFC1}"
EndProject
Project("{9A19103F-16F7-4668-BE54-9A1E7A4F7556}") = "WinForm", "WinForm\WinForm.csproj", "{B756EB72-0761-47D6-A460-77340FA486D8}"
EndProject
Project("{9A19103F-16F7-4668-BE54-9A1E7A4F7556}") = "API", "API\API.csproj", "{8E880E4C-7A61-4531-8CFA-4B8F6E068EA7}"
EndProject
Project("{9A19103F-16F7-4668-BE54-9A1E7A4F7556}") = "CloudStorage", "CloudStorage\CloudStorage.csproj", "{A26896CC-C481-4923-AE6A-0958DF6503A9}"
EndProject
Global
	GlobalSection(SolutionConfigurationPlatforms) = preSolution
		Debug|Any CPU = Debug|Any CPU
		Release|Any CPU = Release|Any CPU
	EndGlobalSection
	GlobalSection(ProjectConfigurationPlatforms) = postSolution
		{3FE98311-9ED2-4129-99BC-634307EBF64E}.Debug|Any CPU.ActiveCfg = Debug|Any CPU
		{3FE98311-9ED2-4129-99BC-634307EBF64E}.Debug|Any CPU.Build.0 = Debug|Any CPU
		{3FE98311-9ED2-4129-99BC-634307EBF64E}.Release|Any CPU.ActiveCfg = Release|Any CPU
		{3FE98311-9ED2-4129-99BC-634307EBF64E}.Release|Any CPU.Build.0 = Release|Any CPU
		{5AC62A61-A5EA-444E-AF70-FB4A1EA0BFC1}.Debug|Any CPU.ActiveCfg = Debug|Any CPU
		{5AC62A61-A5EA-444E-AF70-FB4A1EA0BFC1}.Debug|Any CPU.Build.0 = Debug|Any CPU
		{5AC62A61-A5EA-444E-AF70-FB4A1EA0BFC1}.Release|Any CPU.ActiveCfg = Release|Any CPU
		{5AC62A61-A5EA-444E-AF70-FB4A1EA0BFC1}.Release|Any CPU.Build.0 = Release|Any CPU
		{B756EB72-0761-47D6-A460-77340FA486D8}.Debug|Any CPU.ActiveCfg = Debug|Any CPU
		{B756EB72-0761-47D6-A460-77340FA486D8}.Debug|Any CPU.Build.0 = Debug|Any CPU
		{B756EB72-0761-47D6-A460-77340FA486D8}.Release|Any CPU.ActiveCfg = Release|Any CPU
		{B756EB72-0761-47D6-A460-77340FA486D8}.Release|Any CPU.Build.0 = Release|Any CPU
		{8E880E4C-7A61-4531-8CFA-4B8F6E068EA7}.Debug|Any CPU.ActiveCfg = Debug|Any CPU
		{8E880E4C-7A61-4531-8CFA-4B8F6E068EA7}.Debug|Any CPU.Build.0 = Debug|Any CPU
		{8E880E4C-7A61-4531-8CFA-4B8F6E068EA7}.Release|Any CPU.ActiveCfg = Release|Any CPU
		{8E880E4C-7A61-4531-8CFA-4B8F6E068EA7}.Release|Any CPU.Build.0 = Release|Any CPU
		{A26896CC-C481-4923-AE6A-0958DF6503A9}.Debug|Any CPU.ActiveCfg = Debug|Any CPU
		{A26896CC-C481-4923-AE6A-0958DF6503A9}.Debug|Any CPU.Build.0 = Debug|Any CPU
		{A26896CC-C481-4923-AE6A-0958DF6503A9}.Release|Any CPU.ActiveCfg = Release|Any CPU
		{A26896CC-C481-4923-AE6A-0958DF6503A9}.Release|Any CPU.Build.0 = Release|Any CPU
	EndGlobalSection
	GlobalSection(SolutionProperties) = preSolution
		HideSolutionNode = FALSE
	EndGlobalSection
	GlobalSection(ExtensibilityGlobals) = postSolution
		SolutionGuid = {FCBFFDCF-7946-4AF5-97B9-89EFDC1AE312}
	EndGlobalSection
EndGlobal
